
Microsoft Visual Studio Solution File, Format Version 12.00
# Visual Studio Version 16
VisualStudioVersion = 16.0.29009.5
MinimumVisualStudioVersion = 10.0.40219.1
Project("{9A19103F-16F7-4668-BE54-9A1E7A4F7556}") = "Senparc.CO2NET", "..\src\Senparc.CO2NET\Senparc.CO2NET.csproj", "{8B66B7FB-6918-4D21-9C31-98EACF3264C8}"
EndProject
Project("{9A19103F-16F7-4668-BE54-9A1E7A4F7556}") = "Senparc.CO2NET.Tests", "..\src\Senparc.CO2NET.Tests\Senparc.CO2NET.Tests.csproj", "{0CE4D0D4-97F3-4A7C-A999-27AFE121BD26}"
EndProject
Project("{2150E333-8FDC-42A3-9474-1A3956D46DE8}") = "Cache", "Cache", "{577DD010-AF7A-4113-9AEA-4BD6244D5318}"
EndProject
Project("{9A19103F-16F7-4668-BE54-9A1E7A4F7556}") = "Senparc.CO2NET.Cache.Redis.RedLock", "..\src\Senparc.CO2NET.Cache.Redis.RedLock\redlock-cs\src\Senparc.CO2NET.Cache.Redis.RedLock.csproj", "{056D9E3D-1B27-43B2-9376-7DEF22DC0DC9}"
EndProject
Project("{9A19103F-16F7-4668-BE54-9A1E7A4F7556}") = "Senparc.CO2NET.Cache.Redis", "..\src\Senparc.CO2NET.Cache.Redis\Senparc.CO2NET.Cache.Redis.csproj", "{854A4F0D-B34F-460F-BD33-4AAD4ADF97A4}"
EndProject
Project("{9A19103F-16F7-4668-BE54-9A1E7A4F7556}") = "Senparc.CO2NET.Cache.Memcached", "..\src\Senparc.CO2NET.Cache.Memcached\Senparc.CO2NET.Cache.Memcached.csproj", "{E44E024B-3C5D-4B37-8FAF-611F4DEEBA71}"
EndProject
Project("{2150E333-8FDC-42A3-9474-1A3956D46DE8}") = "Libraires", "Libraires", "{FE9C797C-0788-451E-B04C-778484434ED5}"
EndProject
Project("{2150E333-8FDC-42A3-9474-1A3956D46DE8}") = "Tests", "Tests", "{118ECC07-977C-42ED-A452-8934C8632261}"
EndProject
Project("{9A19103F-16F7-4668-BE54-9A1E7A4F7556}") = "Senparc.CO2NET.Cache.Redis.Tests", "..\src\Senparc.CO2NET.Cache.Redis.Tests\Senparc.CO2NET.Cache.Redis.Tests.csproj", "{BE38FE20-928D-46EF-B17B-8CB4BC401389}"
EndProject
Project("{2150E333-8FDC-42A3-9474-1A3956D46DE8}") = "Samples", "Samples", "{A9F634CC-7806-44B9-9768-4DAE13B669D5}"
EndProject
Project("{9A19103F-16F7-4668-BE54-9A1E7A4F7556}") = "Senparc.CO2NET.Cache.Memcached.Tests", "..\src\Senparc.CO2NET.Cache.Memcached.Tests\Senparc.CO2NET.Cache.Memcached.Tests.csproj", "{0014D962-7E93-4906-A22E-30A5D2786D64}"
EndProject
Project("{9A19103F-16F7-4668-BE54-9A1E7A4F7556}") = "Senparc.CO2NET.APM", "..\src\Senparc.CO2NET.APM\Senparc.CO2NET.APM.csproj", "{D3A0D429-B7EB-446B-8E1B-4DD8225C75ED}"
	ProjectSection(ProjectDependencies) = postProject
		{8B66B7FB-6918-4D21-9C31-98EACF3264C8} = {8B66B7FB-6918-4D21-9C31-98EACF3264C8}
	EndProjectSection
EndProject
Project("{9A19103F-16F7-4668-BE54-9A1E7A4F7556}") = "Senparc.CO2NET.APM.Tests", "..\src\Senparc.CO2NET.APM.Tests\Senparc.CO2NET.APM.Tests.csproj", "{4FA6F2C4-54B5-469D-8ECF-0040120D3344}"
EndProject
Project("{9A19103F-16F7-4668-BE54-9A1E7A4F7556}") = "Senparc.CO2NET.Sample.Consoles", "Senparc.CO2NET.Sample.Consoles\Senparc.CO2NET.Sample.Consoles.csproj", "{EF7278DE-7E6E-4F4F-AF19-BF7C6BA58F87}"
EndProject
Project("{9A19103F-16F7-4668-BE54-9A1E7A4F7556}") = "Senparc.CO2NET.Sample.netcore3", "Senparc.CO2NET.Sample.netcore3\Senparc.CO2NET.Sample.netcore3.csproj", "{84DE5542-70F9-4576-AF3E-6E8013338112}"
EndProject
Project("{9A19103F-16F7-4668-BE54-9A1E7A4F7556}") = "Senparc.CO2NET.AspNet", "..\src\Senparc.CO2NET.AspNet\Senparc.CO2NET.AspNet.csproj", "{374C2921-C376-4D14-A88D-6DBC6FC53D8E}"
EndProject
Project("{9A19103F-16F7-4668-BE54-9A1E7A4F7556}") = "Senparc.CO2NET.Cache.CsRedis", "..\src\Senparc.CO2NET.Cache.CsRedis\Senparc.CO2NET.Cache.CsRedis.csproj", "{34BE4B01-7CBD-44CD-95BA-A9A35EC662D8}"
EndProject
Project("{9A19103F-16F7-4668-BE54-9A1E7A4F7556}") = "Senparc.CO2NET.Cache.CsRedis.RedLock", "..\src\Senparc.CO2NET.Cache.CsRedis.RedLock\redlock-cs\src\Senparc.CO2NET.Cache.CsRedis.RedLock.csproj", "{367D630A-A7A9-40C0-9D83-91D59F032F55}"
EndProject
Project("{2150E333-8FDC-42A3-9474-1A3956D46DE8}") = "StackExchange.Redis", "StackExchange.Redis", "{DE9F60D2-6572-4605-BE2D-655F28B11F2B}"
EndProject
Project("{2150E333-8FDC-42A3-9474-1A3956D46DE8}") = "EnyimMemcached", "EnyimMemcached", "{12AE45FC-1142-439C-9917-AC6FBDC22848}"
EndProject
Project("{2150E333-8FDC-42A3-9474-1A3956D46DE8}") = "CsRedis", "CsRedis", "{DE30C50A-9779-4906-8061-AD6A6C1F6796}"
EndProject
Project("{9A19103F-16F7-4668-BE54-9A1E7A4F7556}") = "Senparc.CO2NET.Cache.CsRedis.Tests", "..\src\Senparc.CO2NET.Cache.CsRedis.Tests\Senparc.CO2NET.Cache.CsRedis.Tests.csproj", "{93DE8797-1F11-4963-9197-115C981A5196}"
EndProject
Global
	GlobalSection(SolutionConfigurationPlatforms) = preSolution
		Debug|Any CPU = Debug|Any CPU
		Release|Any CPU = Release|Any CPU
		Test|Any CPU = Test|Any CPU
	EndGlobalSection
	GlobalSection(ProjectConfigurationPlatforms) = postSolution
		{8B66B7FB-6918-4D21-9C31-98EACF3264C8}.Debug|Any CPU.ActiveCfg = Debug|Any CPU
		{8B66B7FB-6918-4D21-9C31-98EACF3264C8}.Debug|Any CPU.Build.0 = Debug|Any CPU
		{8B66B7FB-6918-4D21-9C31-98EACF3264C8}.Release|Any CPU.ActiveCfg = Release|Any CPU
		{8B66B7FB-6918-4D21-9C31-98EACF3264C8}.Release|Any CPU.Build.0 = Release|Any CPU
		{8B66B7FB-6918-4D21-9C31-98EACF3264C8}.Test|Any CPU.ActiveCfg = Test|Any CPU
		{8B66B7FB-6918-4D21-9C31-98EACF3264C8}.Test|Any CPU.Build.0 = Test|Any CPU
		{0CE4D0D4-97F3-4A7C-A999-27AFE121BD26}.Debug|Any CPU.ActiveCfg = Debug|Any CPU
		{0CE4D0D4-97F3-4A7C-A999-27AFE121BD26}.Debug|Any CPU.Build.0 = Debug|Any CPU
		{0CE4D0D4-97F3-4A7C-A999-27AFE121BD26}.Release|Any CPU.ActiveCfg = Release|Any CPU
		{0CE4D0D4-97F3-4A7C-A999-27AFE121BD26}.Test|Any CPU.ActiveCfg = Test|Any CPU
		{0CE4D0D4-97F3-4A7C-A999-27AFE121BD26}.Test|Any CPU.Build.0 = Test|Any CPU
		{056D9E3D-1B27-43B2-9376-7DEF22DC0DC9}.Debug|Any CPU.ActiveCfg = Debug|Any CPU
		{056D9E3D-1B27-43B2-9376-7DEF22DC0DC9}.Debug|Any CPU.Build.0 = Debug|Any CPU
		{056D9E3D-1B27-43B2-9376-7DEF22DC0DC9}.Release|Any CPU.ActiveCfg = Release|Any CPU
		{056D9E3D-1B27-43B2-9376-7DEF22DC0DC9}.Release|Any CPU.Build.0 = Release|Any CPU
		{056D9E3D-1B27-43B2-9376-7DEF22DC0DC9}.Test|Any CPU.ActiveCfg = Test|Any CPU
		{056D9E3D-1B27-43B2-9376-7DEF22DC0DC9}.Test|Any CPU.Build.0 = Test|Any CPU
		{854A4F0D-B34F-460F-BD33-4AAD4ADF97A4}.Debug|Any CPU.ActiveCfg = Debug|Any CPU
		{854A4F0D-B34F-460F-BD33-4AAD4ADF97A4}.Debug|Any CPU.Build.0 = Debug|Any CPU
		{854A4F0D-B34F-460F-BD33-4AAD4ADF97A4}.Release|Any CPU.ActiveCfg = Release|Any CPU
		{854A4F0D-B34F-460F-BD33-4AAD4ADF97A4}.Release|Any CPU.Build.0 = Release|Any CPU
		{854A4F0D-B34F-460F-BD33-4AAD4ADF97A4}.Test|Any CPU.ActiveCfg = Test|Any CPU
		{854A4F0D-B34F-460F-BD33-4AAD4ADF97A4}.Test|Any CPU.Build.0 = Test|Any CPU
		{E44E024B-3C5D-4B37-8FAF-611F4DEEBA71}.Debug|Any CPU.ActiveCfg = Debug|Any CPU
		{E44E024B-3C5D-4B37-8FAF-611F4DEEBA71}.Debug|Any CPU.Build.0 = Debug|Any CPU
		{E44E024B-3C5D-4B37-8FAF-611F4DEEBA71}.Release|Any CPU.ActiveCfg = Release|Any CPU
		{E44E024B-3C5D-4B37-8FAF-611F4DEEBA71}.Release|Any CPU.Build.0 = Release|Any CPU
		{E44E024B-3C5D-4B37-8FAF-611F4DEEBA71}.Test|Any CPU.ActiveCfg = Test|Any CPU
		{E44E024B-3C5D-4B37-8FAF-611F4DEEBA71}.Test|Any CPU.Build.0 = Test|Any CPU
		{BE38FE20-928D-46EF-B17B-8CB4BC401389}.Debug|Any CPU.ActiveCfg = Debug|Any CPU
		{BE38FE20-928D-46EF-B17B-8CB4BC401389}.Debug|Any CPU.Build.0 = Debug|Any CPU
		{BE38FE20-928D-46EF-B17B-8CB4BC401389}.Release|Any CPU.ActiveCfg = Release|Any CPU
		{BE38FE20-928D-46EF-B17B-8CB4BC401389}.Test|Any CPU.ActiveCfg = Test|Any CPU
		{BE38FE20-928D-46EF-B17B-8CB4BC401389}.Test|Any CPU.Build.0 = Test|Any CPU
		{0014D962-7E93-4906-A22E-30A5D2786D64}.Debug|Any CPU.ActiveCfg = Debug|Any CPU
		{0014D962-7E93-4906-A22E-30A5D2786D64}.Debug|Any CPU.Build.0 = Debug|Any CPU
		{0014D962-7E93-4906-A22E-30A5D2786D64}.Release|Any CPU.ActiveCfg = Release|Any CPU
		{0014D962-7E93-4906-A22E-30A5D2786D64}.Test|Any CPU.ActiveCfg = Test|Any CPU
		{0014D962-7E93-4906-A22E-30A5D2786D64}.Test|Any CPU.Build.0 = Test|Any CPU
		{D3A0D429-B7EB-446B-8E1B-4DD8225C75ED}.Debug|Any CPU.ActiveCfg = Debug|Any CPU
		{D3A0D429-B7EB-446B-8E1B-4DD8225C75ED}.Debug|Any CPU.Build.0 = Debug|Any CPU
		{D3A0D429-B7EB-446B-8E1B-4DD8225C75ED}.Release|Any CPU.ActiveCfg = Release|Any CPU
		{D3A0D429-B7EB-446B-8E1B-4DD8225C75ED}.Release|Any CPU.Build.0 = Release|Any CPU
		{D3A0D429-B7EB-446B-8E1B-4DD8225C75ED}.Test|Any CPU.ActiveCfg = Test|Any CPU
		{D3A0D429-B7EB-446B-8E1B-4DD8225C75ED}.Test|Any CPU.Build.0 = Test|Any CPU
		{4FA6F2C4-54B5-469D-8ECF-0040120D3344}.Debug|Any CPU.ActiveCfg = Debug|Any CPU
		{4FA6F2C4-54B5-469D-8ECF-0040120D3344}.Debug|Any CPU.Build.0 = Debug|Any CPU
		{4FA6F2C4-54B5-469D-8ECF-0040120D3344}.Release|Any CPU.ActiveCfg = Release|Any CPU
		{4FA6F2C4-54B5-469D-8ECF-0040120D3344}.Test|Any CPU.ActiveCfg = Test|Any CPU
		{4FA6F2C4-54B5-469D-8ECF-0040120D3344}.Test|Any CPU.Build.0 = Test|Any CPU
		{EF7278DE-7E6E-4F4F-AF19-BF7C6BA58F87}.Debug|Any CPU.ActiveCfg = Debug|Any CPU
		{EF7278DE-7E6E-4F4F-AF19-BF7C6BA58F87}.Debug|Any CPU.Build.0 = Debug|Any CPU
		{EF7278DE-7E6E-4F4F-AF19-BF7C6BA58F87}.Release|Any CPU.ActiveCfg = Release|Any CPU
		{EF7278DE-7E6E-4F4F-AF19-BF7C6BA58F87}.Release|Any CPU.Build.0 = Release|Any CPU
		{EF7278DE-7E6E-4F4F-AF19-BF7C6BA58F87}.Test|Any CPU.ActiveCfg = Test|Any CPU
		{EF7278DE-7E6E-4F4F-AF19-BF7C6BA58F87}.Test|Any CPU.Build.0 = Test|Any CPU
		{84DE5542-70F9-4576-AF3E-6E8013338112}.Debug|Any CPU.ActiveCfg = Debug|Any CPU
		{84DE5542-70F9-4576-AF3E-6E8013338112}.Debug|Any CPU.Build.0 = Debug|Any CPU
		{84DE5542-70F9-4576-AF3E-6E8013338112}.Release|Any CPU.ActiveCfg = Release|Any CPU
		{84DE5542-70F9-4576-AF3E-6E8013338112}.Release|Any CPU.Build.0 = Release|Any CPU
		{84DE5542-70F9-4576-AF3E-6E8013338112}.Test|Any CPU.ActiveCfg = Debug|Any CPU
		{84DE5542-70F9-4576-AF3E-6E8013338112}.Test|Any CPU.Build.0 = Debug|Any CPU
		{374C2921-C376-4D14-A88D-6DBC6FC53D8E}.Debug|Any CPU.ActiveCfg = Debug|Any CPU
		{374C2921-C376-4D14-A88D-6DBC6FC53D8E}.Debug|Any CPU.Build.0 = Debug|Any CPU
		{374C2921-C376-4D14-A88D-6DBC6FC53D8E}.Release|Any CPU.ActiveCfg = Release|Any CPU
		{374C2921-C376-4D14-A88D-6DBC6FC53D8E}.Release|Any CPU.Build.0 = Release|Any CPU
		{374C2921-C376-4D14-A88D-6DBC6FC53D8E}.Test|Any CPU.ActiveCfg = Debug|Any CPU
		{374C2921-C376-4D14-A88D-6DBC6FC53D8E}.Test|Any CPU.Build.0 = Debug|Any CPU
		{34BE4B01-7CBD-44CD-95BA-A9A35EC662D8}.Debug|Any CPU.ActiveCfg = Debug|Any CPU
		{34BE4B01-7CBD-44CD-95BA-A9A35EC662D8}.Debug|Any CPU.Build.0 = Debug|Any CPU
		{34BE4B01-7CBD-44CD-95BA-A9A35EC662D8}.Release|Any CPU.ActiveCfg = Release|Any CPU
		{34BE4B01-7CBD-44CD-95BA-A9A35EC662D8}.Release|Any CPU.Build.0 = Release|Any CPU
		{34BE4B01-7CBD-44CD-95BA-A9A35EC662D8}.Test|Any CPU.ActiveCfg = Test|Any CPU
		{34BE4B01-7CBD-44CD-95BA-A9A35EC662D8}.Test|Any CPU.Build.0 = Test|Any CPU
		{367D630A-A7A9-40C0-9D83-91D59F032F55}.Debug|Any CPU.ActiveCfg = Debug|Any CPU
		{367D630A-A7A9-40C0-9D83-91D59F032F55}.Debug|Any CPU.Build.0 = Debug|Any CPU
		{367D630A-A7A9-40C0-9D83-91D59F032F55}.Release|Any CPU.ActiveCfg = Release|Any CPU
		{367D630A-A7A9-40C0-9D83-91D59F032F55}.Release|Any CPU.Build.0 = Release|Any CPU
		{367D630A-A7A9-40C0-9D83-91D59F032F55}.Test|Any CPU.ActiveCfg = Test|Any CPU
		{367D630A-A7A9-40C0-9D83-91D59F032F55}.Test|Any CPU.Build.0 = Test|Any CPU
		{93DE8797-1F11-4963-9197-115C981A5196}.Debug|Any CPU.ActiveCfg = Debug|Any CPU
		{93DE8797-1F11-4963-9197-115C981A5196}.Debug|Any CPU.Build.0 = Debug|Any CPU
		{93DE8797-1F11-4963-9197-115C981A5196}.Release|Any CPU.ActiveCfg = Release|Any CPU
		{93DE8797-1F11-4963-9197-115C981A5196}.Test|Any CPU.ActiveCfg = Test|Any CPU
		{93DE8797-1F11-4963-9197-115C981A5196}.Test|Any CPU.Build.0 = Test|Any CPU
	EndGlobalSection
	GlobalSection(SolutionProperties) = preSolution
		HideSolutionNode = FALSE
	EndGlobalSection
	GlobalSection(NestedProjects) = preSolution
		{8B66B7FB-6918-4D21-9C31-98EACF3264C8} = {FE9C797C-0788-451E-B04C-778484434ED5}
		{0CE4D0D4-97F3-4A7C-A999-27AFE121BD26} = {118ECC07-977C-42ED-A452-8934C8632261}
		{577DD010-AF7A-4113-9AEA-4BD6244D5318} = {FE9C797C-0788-451E-B04C-778484434ED5}
		{056D9E3D-1B27-43B2-9376-7DEF22DC0DC9} = {DE9F60D2-6572-4605-BE2D-655F28B11F2B}
		{854A4F0D-B34F-460F-BD33-4AAD4ADF97A4} = {DE9F60D2-6572-4605-BE2D-655F28B11F2B}
		{E44E024B-3C5D-4B37-8FAF-611F4DEEBA71} = {12AE45FC-1142-439C-9917-AC6FBDC22848}
		{BE38FE20-928D-46EF-B17B-8CB4BC401389} = {118ECC07-977C-42ED-A452-8934C8632261}
		{0014D962-7E93-4906-A22E-30A5D2786D64} = {118ECC07-977C-42ED-A452-8934C8632261}
		{D3A0D429-B7EB-446B-8E1B-4DD8225C75ED} = {FE9C797C-0788-451E-B04C-778484434ED5}
		{4FA6F2C4-54B5-469D-8ECF-0040120D3344} = {118ECC07-977C-42ED-A452-8934C8632261}
		{EF7278DE-7E6E-4F4F-AF19-BF7C6BA58F87} = {A9F634CC-7806-44B9-9768-4DAE13B669D5}
		{84DE5542-70F9-4576-AF3E-6E8013338112} = {A9F634CC-7806-44B9-9768-4DAE13B669D5}
		{374C2921-C376-4D14-A88D-6DBC6FC53D8E} = {FE9C797C-0788-451E-B04C-778484434ED5}
		{34BE4B01-7CBD-44CD-95BA-A9A35EC662D8} = {DE30C50A-9779-4906-8061-AD6A6C1F6796}
		{367D630A-A7A9-40C0-9D83-91D59F032F55} = {DE30C50A-9779-4906-8061-AD6A6C1F6796}
		{DE9F60D2-6572-4605-BE2D-655F28B11F2B} = {577DD010-AF7A-4113-9AEA-4BD6244D5318}
		{12AE45FC-1142-439C-9917-AC6FBDC22848} = {577DD010-AF7A-4113-9AEA-4BD6244D5318}
		{DE30C50A-9779-4906-8061-AD6A6C1F6796} = {577DD010-AF7A-4113-9AEA-4BD6244D5318}
		{93DE8797-1F11-4963-9197-115C981A5196} = {118ECC07-977C-42ED-A452-8934C8632261}
	EndGlobalSection
	GlobalSection(ExtensibilityGlobals) = postSolution
		SolutionGuid = {796B18F2-8DBB-4792-881F-4C5A81E1F2DB}
	EndGlobalSection
EndGlobal
