
Microsoft Visual Studio Solution File, Format Version 12.00
# Visual Studio Version 17
VisualStudioVersion = 17.0.31903.59
MinimumVisualStudioVersion = 10.0.40219.1
Project("{9A19103F-16F7-4668-BE54-9A1E7A4F7556}") = "Senparc.CO2NET", "Senparc.CO2NET\Senparc.CO2NET.csproj", "{8B66B7FB-6918-4D21-9C31-98EACF3264C8}"
EndProject
Project("{9A19103F-16F7-4668-BE54-9A1E7A4F7556}") = "Senparc.CO2NET.Tests", "Senparc.CO2NET.Tests\Senparc.CO2NET.Tests.csproj", "{0CE4D0D4-97F3-4A7C-A999-27AFE121BD26}"
EndProject
Project("{2150E333-8FDC-42A3-9474-1A3956D46DE8}") = "Cache", "Cache", "{577DD010-AF7A-4113-9AEA-4BD6244D5318}"
EndProject
Project("{9A19103F-16F7-4668-BE54-9A1E7A4F7556}") = "Senparc.CO2NET.Cache.Redis.RedLock", "Senparc.CO2NET.Cache.Redis.RedLock\redlock-cs\src\Senparc.CO2NET.Cache.Redis.RedLock.csproj", "{056D9E3D-1B27-43B2-9376-7DEF22DC0DC9}"
EndProject
Project("{9A19103F-16F7-4668-BE54-9A1E7A4F7556}") = "Senparc.CO2NET.Cache.Redis", "Senparc.CO2NET.Cache.Redis\Senparc.CO2NET.Cache.Redis.csproj", "{854A4F0D-B34F-460F-BD33-4AAD4ADF97A4}"
EndProject
Project("{9A19103F-16F7-4668-BE54-9A1E7A4F7556}") = "Senparc.CO2NET.Cache.Memcached", "Senparc.CO2NET.Cache.Memcached\Senparc.CO2NET.Cache.Memcached.csproj", "{E44E024B-3C5D-4B37-8FAF-611F4DEEBA71}"
EndProject
Project("{2150E333-8FDC-42A3-9474-1A3956D46DE8}") = "Libraires", "Libraires", "{FE9C797C-0788-451E-B04C-778484434ED5}"
EndProject
Project("{2150E333-8FDC-42A3-9474-1A3956D46DE8}") = "Tests", "Tests", "{118ECC07-977C-42ED-A452-8934C8632261}"
EndProject
Project("{9A19103F-16F7-4668-BE54-9A1E7A4F7556}") = "Senparc.CO2NET.Cache.Redis.Tests", "Senparc.CO2NET.Cache.Redis.Tests\Senparc.CO2NET.Cache.Redis.Tests.csproj", "{BE38FE20-928D-46EF-B17B-8CB4BC401389}"
EndProject
Project("{9A19103F-16F7-4668-BE54-9A1E7A4F7556}") = "Senparc.Weixin.Tests", "Senparc.Weixin.Tests\Senparc.Weixin.Tests.csproj", "{EBE34781-D3F8-4720-96D5-95CB80B7A767}"
EndProject
Project("{9A19103F-16F7-4668-BE54-9A1E7A4F7556}") = "Senparc.CO2NET.APM", "Senparc.CO2NET.APM\Senparc.CO2NET.APM.csproj", "{32B6274F-91FB-4240-8189-4C2BF52977B2}"
EndProject
Project("{9A19103F-16F7-4668-BE54-9A1E7A4F7556}") = "Senparc.CO2NET.APM.Tests", "Senparc.CO2NET.APM.Tests\Senparc.CO2NET.APM.Tests.csproj", "{AF4F48CC-F241-4619-AAE2-7913009683D5}"
EndProject
Project("{9A19103F-16F7-4668-BE54-9A1E7A4F7556}") = "Senparc.CO2NET.Cache.CsRedis", "Senparc.CO2NET.Cache.CsRedis\Senparc.CO2NET.Cache.CsRedis.csproj", "{A85B6718-9E8E-47D2-B8F2-01C435B356BB}"
EndProject
Project("{9A19103F-16F7-4668-BE54-9A1E7A4F7556}") = "Senparc.CO2NET.Cache.CsRedis.RedLock", "Senparc.CO2NET.Cache.CsRedis.RedLock\redlock-cs\src\Senparc.CO2NET.Cache.CsRedis.RedLock.csproj", "{4B84D0CD-904B-4807-B464-83EF6B3B43CB}"
EndProject
Project("{2150E333-8FDC-42A3-9474-1A3956D46DE8}") = "CsRedis", "CsRedis", "{DA9270E5-E405-49B5-A032-96CE6F98F50B}"
EndProject
Project("{2150E333-8FDC-42A3-9474-1A3956D46DE8}") = "StackExchangeRedis", "StackExchangeRedis", "{6C290C2B-F5B0-4872-B2E3-22A14F7B05F4}"
EndProject
Project("{2150E333-8FDC-42A3-9474-1A3956D46DE8}") = "Memcached", "Memcached", "{2411CD77-8E9D-4FB3-ACEB-C74ED065E8CA}"
EndProject
Project("{9A19103F-16F7-4668-BE54-9A1E7A4F7556}") = "Senparc.CO2NET.AspNet", "Senparc.CO2NET.AspNet\Senparc.CO2NET.AspNet.csproj", "{B6CC5D8D-5AD6-42F0-96C6-7EB5B55DE195}"
EndProject
Project("{2150E333-8FDC-42A3-9474-1A3956D46DE8}") = "DaprState", "DaprState", "{E29559AA-AD7F-4358-83C3-2A55E5AF86F1}"
EndProject
Project("{9A19103F-16F7-4668-BE54-9A1E7A4F7556}") = "Senparc.CO2NET.Cache.Dapr", "Senparc.CO2NET.Cache.Dapr\Senparc.CO2NET.Cache.Dapr.csproj", "{A47212ED-B0CC-4E29-9E2B-23BEAF638586}"
EndProject
Project("{FAE04EC0-301F-11D3-BF4B-00C04F79EFBC}") = "Senparc.CO2NET.Cache.Dapr.Tests", "Senparc.CO2NET.Cache.Dapr.Tests\Senparc.CO2NET.Cache.Dapr.Tests.csproj", "{7522AC39-F9B9-466D-A836-980E7E47F72A}"
EndProject
Global
	GlobalSection(SolutionConfigurationPlatforms) = preSolution
		Debug|Any CPU = Debug|Any CPU
		Release|Any CPU = Release|Any CPU
		Test|Any CPU = Test|Any CPU
	EndGlobalSection
	GlobalSection(ProjectConfigurationPlatforms) = postSolution
		{8B66B7FB-6918-4D21-9C31-98EACF3264C8}.Debug|Any CPU.ActiveCfg = Debug|Any CPU
		{8B66B7FB-6918-4D21-9C31-98EACF3264C8}.Debug|Any CPU.Build.0 = Debug|Any CPU
		{8B66B7FB-6918-4D21-9C31-98EACF3264C8}.Release|Any CPU.ActiveCfg = Release|Any CPU
		{8B66B7FB-6918-4D21-9C31-98EACF3264C8}.Release|Any CPU.Build.0 = Release|Any CPU
		{8B66B7FB-6918-4D21-9C31-98EACF3264C8}.Test|Any CPU.ActiveCfg = Test|Any CPU
		{8B66B7FB-6918-4D21-9C31-98EACF3264C8}.Test|Any CPU.Build.0 = Test|Any CPU
		{0CE4D0D4-97F3-4A7C-A999-27AFE121BD26}.Debug|Any CPU.ActiveCfg = Debug|Any CPU
		{0CE4D0D4-97F3-4A7C-A999-27AFE121BD26}.Release|Any CPU.ActiveCfg = Release|Any CPU
		{0CE4D0D4-97F3-4A7C-A999-27AFE121BD26}.Test|Any CPU.ActiveCfg = Test|Any CPU
		{0CE4D0D4-97F3-4A7C-A999-27AFE121BD26}.Test|Any CPU.Build.0 = Test|Any CPU
		{056D9E3D-1B27-43B2-9376-7DEF22DC0DC9}.Debug|Any CPU.ActiveCfg = Debug|Any CPU
		{056D9E3D-1B27-43B2-9376-7DEF22DC0DC9}.Debug|Any CPU.Build.0 = Debug|Any CPU
		{056D9E3D-1B27-43B2-9376-7DEF22DC0DC9}.Release|Any CPU.ActiveCfg = Release|Any CPU
		{056D9E3D-1B27-43B2-9376-7DEF22DC0DC9}.Release|Any CPU.Build.0 = Release|Any CPU
		{056D9E3D-1B27-43B2-9376-7DEF22DC0DC9}.Test|Any CPU.ActiveCfg = Test|Any CPU
		{056D9E3D-1B27-43B2-9376-7DEF22DC0DC9}.Test|Any CPU.Build.0 = Test|Any CPU
		{854A4F0D-B34F-460F-BD33-4AAD4ADF97A4}.Debug|Any CPU.ActiveCfg = Debug|Any CPU
		{854A4F0D-B34F-460F-BD33-4AAD4ADF97A4}.Debug|Any CPU.Build.0 = Debug|Any CPU
		{854A4F0D-B34F-460F-BD33-4AAD4ADF97A4}.Release|Any CPU.ActiveCfg = Release|Any CPU
		{854A4F0D-B34F-460F-BD33-4AAD4ADF97A4}.Release|Any CPU.Build.0 = Release|Any CPU
		{854A4F0D-B34F-460F-BD33-4AAD4ADF97A4}.Test|Any CPU.ActiveCfg = Test|Any CPU
		{854A4F0D-B34F-460F-BD33-4AAD4ADF97A4}.Test|Any CPU.Build.0 = Test|Any CPU
		{E44E024B-3C5D-4B37-8FAF-611F4DEEBA71}.Debug|Any CPU.ActiveCfg = Debug|Any CPU
		{E44E024B-3C5D-4B37-8FAF-611F4DEEBA71}.Debug|Any CPU.Build.0 = Debug|Any CPU
		{E44E024B-3C5D-4B37-8FAF-611F4DEEBA71}.Release|Any CPU.ActiveCfg = Release|Any CPU
		{E44E024B-3C5D-4B37-8FAF-611F4DEEBA71}.Release|Any CPU.Build.0 = Release|Any CPU
		{E44E024B-3C5D-4B37-8FAF-611F4DEEBA71}.Test|Any CPU.ActiveCfg = Test|Any CPU
		{E44E024B-3C5D-4B37-8FAF-611F4DEEBA71}.Test|Any CPU.Build.0 = Test|Any CPU
		{BE38FE20-928D-46EF-B17B-8CB4BC401389}.Debug|Any CPU.ActiveCfg = Debug|Any CPU
		{BE38FE20-928D-46EF-B17B-8CB4BC401389}.Release|Any CPU.ActiveCfg = Release|Any CPU
		{BE38FE20-928D-46EF-B17B-8CB4BC401389}.Test|Any CPU.ActiveCfg = Test|Any CPU
		{BE38FE20-928D-46EF-B17B-8CB4BC401389}.Test|Any CPU.Build.0 = Test|Any CPU
		{EBE34781-D3F8-4720-96D5-95CB80B7A767}.Debug|Any CPU.ActiveCfg = Debug|Any CPU
		{EBE34781-D3F8-4720-96D5-95CB80B7A767}.Release|Any CPU.ActiveCfg = Release|Any CPU
		{EBE34781-D3F8-4720-96D5-95CB80B7A767}.Test|Any CPU.ActiveCfg = Debug|Any CPU
		{EBE34781-D3F8-4720-96D5-95CB80B7A767}.Test|Any CPU.Build.0 = Debug|Any CPU
		{32B6274F-91FB-4240-8189-4C2BF52977B2}.Debug|Any CPU.ActiveCfg = Debug|Any CPU
		{32B6274F-91FB-4240-8189-4C2BF52977B2}.Debug|Any CPU.Build.0 = Debug|Any CPU
		{32B6274F-91FB-4240-8189-4C2BF52977B2}.Release|Any CPU.ActiveCfg = Release|Any CPU
		{32B6274F-91FB-4240-8189-4C2BF52977B2}.Release|Any CPU.Build.0 = Release|Any CPU
		{32B6274F-91FB-4240-8189-4C2BF52977B2}.Test|Any CPU.ActiveCfg = Test|Any CPU
		{32B6274F-91FB-4240-8189-4C2BF52977B2}.Test|Any CPU.Build.0 = Test|Any CPU
		{AF4F48CC-F241-4619-AAE2-7913009683D5}.Debug|Any CPU.ActiveCfg = Debug|Any CPU
		{AF4F48CC-F241-4619-AAE2-7913009683D5}.Release|Any CPU.ActiveCfg = Release|Any CPU
		{AF4F48CC-F241-4619-AAE2-7913009683D5}.Release|Any CPU.Build.0 = Release|Any CPU
		{AF4F48CC-F241-4619-AAE2-7913009683D5}.Test|Any CPU.ActiveCfg = Debug|Any CPU
		{AF4F48CC-F241-4619-AAE2-7913009683D5}.Test|Any CPU.Build.0 = Debug|Any CPU
		{A85B6718-9E8E-47D2-B8F2-01C435B356BB}.Debug|Any CPU.ActiveCfg = Debug|Any CPU
		{A85B6718-9E8E-47D2-B8F2-01C435B356BB}.Debug|Any CPU.Build.0 = Debug|Any CPU
		{A85B6718-9E8E-47D2-B8F2-01C435B356BB}.Release|Any CPU.ActiveCfg = Release|Any CPU
		{A85B6718-9E8E-47D2-B8F2-01C435B356BB}.Release|Any CPU.Build.0 = Release|Any CPU
		{A85B6718-9E8E-47D2-B8F2-01C435B356BB}.Test|Any CPU.ActiveCfg = Test|Any CPU
		{A85B6718-9E8E-47D2-B8F2-01C435B356BB}.Test|Any CPU.Build.0 = Test|Any CPU
		{4B84D0CD-904B-4807-B464-83EF6B3B43CB}.Debug|Any CPU.ActiveCfg = Debug|Any CPU
		{4B84D0CD-904B-4807-B464-83EF6B3B43CB}.Debug|Any CPU.Build.0 = Debug|Any CPU
		{4B84D0CD-904B-4807-B464-83EF6B3B43CB}.Release|Any CPU.ActiveCfg = Release|Any CPU
		{4B84D0CD-904B-4807-B464-83EF6B3B43CB}.Release|Any CPU.Build.0 = Release|Any CPU
		{4B84D0CD-904B-4807-B464-83EF6B3B43CB}.Test|Any CPU.ActiveCfg = Test|Any CPU
		{4B84D0CD-904B-4807-B464-83EF6B3B43CB}.Test|Any CPU.Build.0 = Test|Any CPU
		{B6CC5D8D-5AD6-42F0-96C6-7EB5B55DE195}.Debug|Any CPU.ActiveCfg = Debug|Any CPU
		{B6CC5D8D-5AD6-42F0-96C6-7EB5B55DE195}.Debug|Any CPU.Build.0 = Debug|Any CPU
		{B6CC5D8D-5AD6-42F0-96C6-7EB5B55DE195}.Release|Any CPU.ActiveCfg = Release|Any CPU
		{B6CC5D8D-5AD6-42F0-96C6-7EB5B55DE195}.Release|Any CPU.Build.0 = Release|Any CPU
		{B6CC5D8D-5AD6-42F0-96C6-7EB5B55DE195}.Test|Any CPU.ActiveCfg = Test|Any CPU
		{B6CC5D8D-5AD6-42F0-96C6-7EB5B55DE195}.Test|Any CPU.Build.0 = Test|Any CPU
		{A47212ED-B0CC-4E29-9E2B-23BEAF638586}.Debug|Any CPU.ActiveCfg = Debug|Any CPU
		{A47212ED-B0CC-4E29-9E2B-23BEAF638586}.Debug|Any CPU.Build.0 = Debug|Any CPU
		{A47212ED-B0CC-4E29-9E2B-23BEAF638586}.Release|Any CPU.ActiveCfg = Release|Any CPU
		{A47212ED-B0CC-4E29-9E2B-23BEAF638586}.Release|Any CPU.Build.0 = Release|Any CPU
		{A47212ED-B0CC-4E29-9E2B-23BEAF638586}.Test|Any CPU.ActiveCfg = Debug|Any CPU
		{A47212ED-B0CC-4E29-9E2B-23BEAF638586}.Test|Any CPU.Build.0 = Debug|Any CPU
		{7522AC39-F9B9-466D-A836-980E7E47F72A}.Debug|Any CPU.ActiveCfg = Debug|Any CPU
		{7522AC39-F9B9-466D-A836-980E7E47F72A}.Debug|Any CPU.Build.0 = Debug|Any CPU
		{7522AC39-F9B9-466D-A836-980E7E47F72A}.Release|Any CPU.ActiveCfg = Release|Any CPU
		{7522AC39-F9B9-466D-A836-980E7E47F72A}.Release|Any CPU.Build.0 = Release|Any CPU
		{7522AC39-F9B9-466D-A836-980E7E47F72A}.Test|Any CPU.ActiveCfg = Debug|Any CPU
		{7522AC39-F9B9-466D-A836-980E7E47F72A}.Test|Any CPU.Build.0 = Debug|Any CPU
	EndGlobalSection
	GlobalSection(SolutionProperties) = preSolution
		HideSolutionNode = FALSE
	EndGlobalSection
	GlobalSection(NestedProjects) = preSolution
		{8B66B7FB-6918-4D21-9C31-98EACF3264C8} = {FE9C797C-0788-451E-B04C-778484434ED5}
		{0CE4D0D4-97F3-4A7C-A999-27AFE121BD26} = {118ECC07-977C-42ED-A452-8934C8632261}
		{577DD010-AF7A-4113-9AEA-4BD6244D5318} = {FE9C797C-0788-451E-B04C-778484434ED5}
		{056D9E3D-1B27-43B2-9376-7DEF22DC0DC9} = {6C290C2B-F5B0-4872-B2E3-22A14F7B05F4}
		{854A4F0D-B34F-460F-BD33-4AAD4ADF97A4} = {6C290C2B-F5B0-4872-B2E3-22A14F7B05F4}
		{E44E024B-3C5D-4B37-8FAF-611F4DEEBA71} = {2411CD77-8E9D-4FB3-ACEB-C74ED065E8CA}
		{BE38FE20-928D-46EF-B17B-8CB4BC401389} = {118ECC07-977C-42ED-A452-8934C8632261}
		{EBE34781-D3F8-4720-96D5-95CB80B7A767} = {118ECC07-977C-42ED-A452-8934C8632261}
		{32B6274F-91FB-4240-8189-4C2BF52977B2} = {FE9C797C-0788-451E-B04C-778484434ED5}
		{AF4F48CC-F241-4619-AAE2-7913009683D5} = {118ECC07-977C-42ED-A452-8934C8632261}
		{A85B6718-9E8E-47D2-B8F2-01C435B356BB} = {DA9270E5-E405-49B5-A032-96CE6F98F50B}
		{4B84D0CD-904B-4807-B464-83EF6B3B43CB} = {DA9270E5-E405-49B5-A032-96CE6F98F50B}
		{DA9270E5-E405-49B5-A032-96CE6F98F50B} = {577DD010-AF7A-4113-9AEA-4BD6244D5318}
		{6C290C2B-F5B0-4872-B2E3-22A14F7B05F4} = {577DD010-AF7A-4113-9AEA-4BD6244D5318}
		{2411CD77-8E9D-4FB3-ACEB-C74ED065E8CA} = {577DD010-AF7A-4113-9AEA-4BD6244D5318}
		{B6CC5D8D-5AD6-42F0-96C6-7EB5B55DE195} = {FE9C797C-0788-451E-B04C-778484434ED5}
		{E29559AA-AD7F-4358-83C3-2A55E5AF86F1} = {577DD010-AF7A-4113-9AEA-4BD6244D5318}
		{A47212ED-B0CC-4E29-9E2B-23BEAF638586} = {E29559AA-AD7F-4358-83C3-2A55E5AF86F1}
		{7522AC39-F9B9-466D-A836-980E7E47F72A} = {118ECC07-977C-42ED-A452-8934C8632261}
	EndGlobalSection
	GlobalSection(ExtensibilityGlobals) = postSolution
		SolutionGuid = {796B18F2-8DBB-4792-881F-4C5A81E1F2DB}
	EndGlobalSection
EndGlobal
